
Microsoft Visual Studio Solution File, Format Version 12.00
# Visual Studio 14
VisualStudioVersion = 14.0.24720.0
MinimumVisualStudioVersion = 10.0.40219.1
Project("{159641D6-6404-4A2A-AE62-294DE0FE8301}") = "Data_ETL", "Data_ETL\Data_ETL.dtproj", "{294D0358-E889-4890-9ABF-6EF25AC1C2DC}"
EndProject
Global
	GlobalSection(SolutionConfigurationPlatforms) = preSolution
		Development|Default = Development|Default
	EndGlobalSection
	GlobalSection(ProjectConfigurationPlatforms) = postSolution
		{294D0358-E889-4890-9ABF-6EF25AC1C2DC}.Development|Default.ActiveCfg = Development
		{294D0358-E889-4890-9ABF-6EF25AC1C2DC}.Development|Default.Build.0 = Development
	EndGlobalSection
	GlobalSection(SolutionProperties) = preSolution
		HideSolutionNode = FALSE
	EndGlobalSection
EndGlobal
