
Microsoft Visual Studio Solution File, Format Version 12.00
# Visual Studio 14
VisualStudioVersion = 14.0.24720.0
MinimumVisualStudioVersion = 10.0.40219.1
Project("{D2ABAB84-BF74-430A-B69E-9DC6D40DDA17}") = "NewCube", "NewCube\NewCube.dwproj", "{96965F01-C33B-4C04-A668-962140728826}"
EndProject
Global
	GlobalSection(SolutionConfigurationPlatforms) = preSolution
		Development|Default = Development|Default
	EndGlobalSection
	GlobalSection(ProjectConfigurationPlatforms) = postSolution
		{96965F01-C33B-4C04-A668-962140728826}.Development|Default.ActiveCfg = Development
		{96965F01-C33B-4C04-A668-962140728826}.Development|Default.Build.0 = Development
		{96965F01-C33B-4C04-A668-962140728826}.Development|Default.Deploy.0 = Development
	EndGlobalSection
	GlobalSection(SolutionProperties) = preSolution
		HideSolutionNode = FALSE
	EndGlobalSection
EndGlobal
